
Microsoft Visual Studio Solution File, Format Version 12.00
# Visual Studio Version 17
VisualStudioVersion = 17.2.32505.173
MinimumVisualStudioVersion = 10.0.40219.1
Project("{2150E333-8FDC-42A3-9474-1A3956D46DE8}") = "Src", "Src", "{02DC39E4-E3DD-4B00-9272-24AA61D4DD7C}"
EndProject
Project("{2150E333-8FDC-42A3-9474-1A3956D46DE8}") = "Tests", "Tests", "{95E5C77F-F3C7-46C4-8B21-E1238CBB3339}"
EndProject
Project("{2150E333-8FDC-42A3-9474-1A3956D46DE8}") = "Docs", "Docs", "{A9EAF4B2-1450-4149-883E-BB2B95AD4B60}"
EndProject
Project("{2150E333-8FDC-42A3-9474-1A3956D46DE8}") = "Solution Items", "Solution Items", "{3CA71644-E3D4-43B4-963D-B3C781F06952}"
EndProject
Project("{2150E333-8FDC-42A3-9474-1A3956D46DE8}") = "Core", "Core", "{3FBFFDC3-0333-4711-93FE-B063447D1813}"
EndProject
Project("{9A19103F-16F7-4668-BE54-9A1E7A4F7556}") = "AcademyManagement.Domain", "AcademyManagement.Domain\AcademyManagement.Domain.csproj", "{DAA306A8-8A8B-48E0-92B2-B407CADA1E39}"
EndProject
Project("{9A19103F-16F7-4668-BE54-9A1E7A4F7556}") = "AcademyManagement.Application", "AcademyManagement.Application\AcademyManagement.Application.csproj", "{D73F2F69-2196-4E13-9E53-1C83E2378E75}"
EndProject
Project("{2150E333-8FDC-42A3-9474-1A3956D46DE8}") = "Presentation", "Presentation", "{EF1C268F-A5FD-478F-9253-F0BEDD537FFE}"
EndProject
Project("{2150E333-8FDC-42A3-9474-1A3956D46DE8}") = "Infrastructure", "Infrastructure", "{EB94E685-44ED-46B0-AB29-A51566C6B6F6}"
EndProject
Project("{9A19103F-16F7-4668-BE54-9A1E7A4F7556}") = "AcademyManagement.Persistence", "AcademyManagement.Persistence\AcademyManagement.Persistence.csproj", "{D8E56F7C-3024-44C4-8374-FCE1D6B6B538}"
EndProject
Project("{9A19103F-16F7-4668-BE54-9A1E7A4F7556}") = "AcademyManagement.Infrastructure", "AcademyManagement.Infrastructure\AcademyManagement.Infrastructure.csproj", "{662FBD28-1740-404F-BBAE-B2E98F6C42CF}"
EndProject
Project("{9A19103F-16F7-4668-BE54-9A1E7A4F7556}") = "WebSite.Endpoint", "WebSite.Endpoint\WebSite.Endpoint.csproj", "{2FE2D9A5-A448-427A-9EB6-EC441BB4A890}"
EndProject
Project("{9A19103F-16F7-4668-BE54-9A1E7A4F7556}") = "Admin.EndPoint", "Admin.EndPoint\Admin.EndPoint.csproj", "{F24CE1AF-CA5C-426B-A8B8-59C0F470DCB2}"
EndProject
Project("{FAE04EC0-301F-11D3-BF4B-00C04F79EFBC}") = "StaticFile.EndPoint", "StaticFile.EndPoint\StaticFile.EndPoint.csproj", "{42AF3FE7-B9FE-4648-93AF-BF2BAD9819D7}"
EndProject
Global
	GlobalSection(SolutionConfigurationPlatforms) = preSolution
		Debug|Any CPU = Debug|Any CPU
		Release|Any CPU = Release|Any CPU
	EndGlobalSection
	GlobalSection(ProjectConfigurationPlatforms) = postSolution
		{DAA306A8-8A8B-48E0-92B2-B407CADA1E39}.Debug|Any CPU.ActiveCfg = Debug|Any CPU
		{DAA306A8-8A8B-48E0-92B2-B407CADA1E39}.Debug|Any CPU.Build.0 = Debug|Any CPU
		{DAA306A8-8A8B-48E0-92B2-B407CADA1E39}.Release|Any CPU.ActiveCfg = Release|Any CPU
		{DAA306A8-8A8B-48E0-92B2-B407CADA1E39}.Release|Any CPU.Build.0 = Release|Any CPU
		{D73F2F69-2196-4E13-9E53-1C83E2378E75}.Debug|Any CPU.ActiveCfg = Debug|Any CPU
		{D73F2F69-2196-4E13-9E53-1C83E2378E75}.Debug|Any CPU.Build.0 = Debug|Any CPU
		{D73F2F69-2196-4E13-9E53-1C83E2378E75}.Release|Any CPU.ActiveCfg = Release|Any CPU
		{D73F2F69-2196-4E13-9E53-1C83E2378E75}.Release|Any CPU.Build.0 = Release|Any CPU
		{D8E56F7C-3024-44C4-8374-FCE1D6B6B538}.Debug|Any CPU.ActiveCfg = Debug|Any CPU
		{D8E56F7C-3024-44C4-8374-FCE1D6B6B538}.Debug|Any CPU.Build.0 = Debug|Any CPU
		{D8E56F7C-3024-44C4-8374-FCE1D6B6B538}.Release|Any CPU.ActiveCfg = Release|Any CPU
		{D8E56F7C-3024-44C4-8374-FCE1D6B6B538}.Release|Any CPU.Build.0 = Release|Any CPU
		{662FBD28-1740-404F-BBAE-B2E98F6C42CF}.Debug|Any CPU.ActiveCfg = Debug|Any CPU
		{662FBD28-1740-404F-BBAE-B2E98F6C42CF}.Debug|Any CPU.Build.0 = Debug|Any CPU
		{662FBD28-1740-404F-BBAE-B2E98F6C42CF}.Release|Any CPU.ActiveCfg = Release|Any CPU
		{662FBD28-1740-404F-BBAE-B2E98F6C42CF}.Release|Any CPU.Build.0 = Release|Any CPU
		{2FE2D9A5-A448-427A-9EB6-EC441BB4A890}.Debug|Any CPU.ActiveCfg = Debug|Any CPU
		{2FE2D9A5-A448-427A-9EB6-EC441BB4A890}.Debug|Any CPU.Build.0 = Debug|Any CPU
		{2FE2D9A5-A448-427A-9EB6-EC441BB4A890}.Release|Any CPU.ActiveCfg = Release|Any CPU
		{2FE2D9A5-A448-427A-9EB6-EC441BB4A890}.Release|Any CPU.Build.0 = Release|Any CPU
		{F24CE1AF-CA5C-426B-A8B8-59C0F470DCB2}.Debug|Any CPU.ActiveCfg = Debug|Any CPU
		{F24CE1AF-CA5C-426B-A8B8-59C0F470DCB2}.Debug|Any CPU.Build.0 = Debug|Any CPU
		{F24CE1AF-CA5C-426B-A8B8-59C0F470DCB2}.Release|Any CPU.ActiveCfg = Release|Any CPU
		{F24CE1AF-CA5C-426B-A8B8-59C0F470DCB2}.Release|Any CPU.Build.0 = Release|Any CPU
		{42AF3FE7-B9FE-4648-93AF-BF2BAD9819D7}.Debug|Any CPU.ActiveCfg = Debug|Any CPU
		{42AF3FE7-B9FE-4648-93AF-BF2BAD9819D7}.Debug|Any CPU.Build.0 = Debug|Any CPU
		{42AF3FE7-B9FE-4648-93AF-BF2BAD9819D7}.Release|Any CPU.ActiveCfg = Release|Any CPU
		{42AF3FE7-B9FE-4648-93AF-BF2BAD9819D7}.Release|Any CPU.Build.0 = Release|Any CPU
	EndGlobalSection
	GlobalSection(SolutionProperties) = preSolution
		HideSolutionNode = FALSE
	EndGlobalSection
	GlobalSection(NestedProjects) = preSolution
		{3FBFFDC3-0333-4711-93FE-B063447D1813} = {02DC39E4-E3DD-4B00-9272-24AA61D4DD7C}
		{DAA306A8-8A8B-48E0-92B2-B407CADA1E39} = {3FBFFDC3-0333-4711-93FE-B063447D1813}
		{D73F2F69-2196-4E13-9E53-1C83E2378E75} = {3FBFFDC3-0333-4711-93FE-B063447D1813}
		{EF1C268F-A5FD-478F-9253-F0BEDD537FFE} = {02DC39E4-E3DD-4B00-9272-24AA61D4DD7C}
		{EB94E685-44ED-46B0-AB29-A51566C6B6F6} = {02DC39E4-E3DD-4B00-9272-24AA61D4DD7C}
		{D8E56F7C-3024-44C4-8374-FCE1D6B6B538} = {EB94E685-44ED-46B0-AB29-A51566C6B6F6}
		{662FBD28-1740-404F-BBAE-B2E98F6C42CF} = {EB94E685-44ED-46B0-AB29-A51566C6B6F6}
		{2FE2D9A5-A448-427A-9EB6-EC441BB4A890} = {EF1C268F-A5FD-478F-9253-F0BEDD537FFE}
		{F24CE1AF-CA5C-426B-A8B8-59C0F470DCB2} = {EF1C268F-A5FD-478F-9253-F0BEDD537FFE}
		{42AF3FE7-B9FE-4648-93AF-BF2BAD9819D7} = {EF1C268F-A5FD-478F-9253-F0BEDD537FFE}
	EndGlobalSection
	GlobalSection(ExtensibilityGlobals) = postSolution
		SolutionGuid = {C4FDF3FE-F373-4DB4-A9EB-ADF42EDC20FB}
	EndGlobalSection
EndGlobal
